// !$*UTF8*$!
{
	archiveVersion = 1;
	classes = {
	};
	objectVersion = 46;
	objects = {

/* Begin PBXBuildFile section */
		820E3FB11C1B8431004205D5 /* KeyTypeTests.swift in Sources */ = {isa = PBXBuildFile; fileRef = 820E3FB01C1B8431004205D5 /* KeyTypeTests.swift */; };
		820E3FB21C1B8431004205D5 /* KeyTypeTests.swift in Sources */ = {isa = PBXBuildFile; fileRef = 820E3FB01C1B8431004205D5 /* KeyTypeTests.swift */; };
		820E3FB31C1B8431004205D5 /* KeyTypeTests.swift in Sources */ = {isa = PBXBuildFile; fileRef = 820E3FB01C1B8431004205D5 /* KeyTypeTests.swift */; };
		823F17DF1BF431CC008DF5F8 /* Storez.framework in Frameworks */ = {isa = PBXBuildFile; fileRef = 828689121BF429D30011214C /* Storez.framework */; };
		823F17E51BF43236008DF5F8 /* TestNamespace.swift in Sources */ = {isa = PBXBuildFile; fileRef = 82642A0E1BEC6D2C00A86452 /* TestNamespace.swift */; };
		823F17E61BF43236008DF5F8 /* CustomObject.swift in Sources */ = {isa = PBXBuildFile; fileRef = 82642A121BEC9F7000A86452 /* CustomObject.swift */; };
		823F18A61BF43D1D008DF5F8 /* Storez.framework in Frameworks */ = {isa = PBXBuildFile; fileRef = 823F189B1BF43C9A008DF5F8 /* Storez.framework */; };
		823F18AC1BF43D3F008DF5F8 /* TestNamespace.swift in Sources */ = {isa = PBXBuildFile; fileRef = 82642A0E1BEC6D2C00A86452 /* TestNamespace.swift */; };
		823F18AD1BF43D3F008DF5F8 /* CustomObject.swift in Sources */ = {isa = PBXBuildFile; fileRef = 82642A121BEC9F7000A86452 /* CustomObject.swift */; };
		82455EA61BF9A30000C33751 /* Store.swift in Sources */ = {isa = PBXBuildFile; fileRef = 82455EA21BF9A30000C33751 /* Store.swift */; };
		82455EA71BF9A30000C33751 /* Store.swift in Sources */ = {isa = PBXBuildFile; fileRef = 82455EA21BF9A30000C33751 /* Store.swift */; };
		82455EA81BF9A30000C33751 /* Store.swift in Sources */ = {isa = PBXBuildFile; fileRef = 82455EA21BF9A30000C33751 /* Store.swift */; };
		82455EA91BF9A30000C33751 /* Store.swift in Sources */ = {isa = PBXBuildFile; fileRef = 82455EA21BF9A30000C33751 /* Store.swift */; };
		82455EAA1BF9A30000C33751 /* Key.swift in Sources */ = {isa = PBXBuildFile; fileRef = 82455EA31BF9A30000C33751 /* Key.swift */; };
		82455EAB1BF9A30000C33751 /* Key.swift in Sources */ = {isa = PBXBuildFile; fileRef = 82455EA31BF9A30000C33751 /* Key.swift */; };
		82455EAC1BF9A30000C33751 /* Key.swift in Sources */ = {isa = PBXBuildFile; fileRef = 82455EA31BF9A30000C33751 /* Key.swift */; };
		82455EAD1BF9A30000C33751 /* Key.swift in Sources */ = {isa = PBXBuildFile; fileRef = 82455EA31BF9A30000C33751 /* Key.swift */; };
		82455EB21BF9A30000C33751 /* Namespace.swift in Sources */ = {isa = PBXBuildFile; fileRef = 82455EA51BF9A30000C33751 /* Namespace.swift */; };
		82455EB31BF9A30000C33751 /* Namespace.swift in Sources */ = {isa = PBXBuildFile; fileRef = 82455EA51BF9A30000C33751 /* Namespace.swift */; };
		82455EB41BF9A30000C33751 /* Namespace.swift in Sources */ = {isa = PBXBuildFile; fileRef = 82455EA51BF9A30000C33751 /* Namespace.swift */; };
		82455EB51BF9A30000C33751 /* Namespace.swift in Sources */ = {isa = PBXBuildFile; fileRef = 82455EA51BF9A30000C33751 /* Namespace.swift */; };
		824FB4B91C17B746007568BB /* CacheSupportedType.swift in Sources */ = {isa = PBXBuildFile; fileRef = 824FB4B81C17B746007568BB /* CacheSupportedType.swift */; };
		824FB4BA1C17B746007568BB /* CacheSupportedType.swift in Sources */ = {isa = PBXBuildFile; fileRef = 824FB4B81C17B746007568BB /* CacheSupportedType.swift */; };
		824FB4BB1C17B746007568BB /* CacheSupportedType.swift in Sources */ = {isa = PBXBuildFile; fileRef = 824FB4B81C17B746007568BB /* CacheSupportedType.swift */; };
		824FB4BC1C17B746007568BB /* CacheSupportedType.swift in Sources */ = {isa = PBXBuildFile; fileRef = 824FB4B81C17B746007568BB /* CacheSupportedType.swift */; };
		82642A0F1BEC6D2C00A86452 /* TestNamespace.swift in Sources */ = {isa = PBXBuildFile; fileRef = 82642A0E1BEC6D2C00A86452 /* TestNamespace.swift */; };
		82642A131BEC9F7000A86452 /* CustomObject.swift in Sources */ = {isa = PBXBuildFile; fileRef = 82642A121BEC9F7000A86452 /* CustomObject.swift */; };
		8264B8B61C1B2E620013FBD5 /* Nullable.swift in Sources */ = {isa = PBXBuildFile; fileRef = 8264B8B51C1B2E620013FBD5 /* Nullable.swift */; };
		8264B8B71C1B2E620013FBD5 /* Nullable.swift in Sources */ = {isa = PBXBuildFile; fileRef = 8264B8B51C1B2E620013FBD5 /* Nullable.swift */; };
		8264B8B81C1B2E620013FBD5 /* Nullable.swift in Sources */ = {isa = PBXBuildFile; fileRef = 8264B8B51C1B2E620013FBD5 /* Nullable.swift */; };
		8264B8B91C1B2E620013FBD5 /* Nullable.swift in Sources */ = {isa = PBXBuildFile; fileRef = 8264B8B51C1B2E620013FBD5 /* Nullable.swift */; };
		8264B8BB1C1B4D000013FBD5 /* UserDefaultsTransaction.swift in Sources */ = {isa = PBXBuildFile; fileRef = 8264B8BA1C1B4D000013FBD5 /* UserDefaultsTransaction.swift */; };
		8264B8BC1C1B4D000013FBD5 /* UserDefaultsTransaction.swift in Sources */ = {isa = PBXBuildFile; fileRef = 8264B8BA1C1B4D000013FBD5 /* UserDefaultsTransaction.swift */; };
		8264B8BD1C1B4D000013FBD5 /* UserDefaultsTransaction.swift in Sources */ = {isa = PBXBuildFile; fileRef = 8264B8BA1C1B4D000013FBD5 /* UserDefaultsTransaction.swift */; };
		8264B8BE1C1B4D000013FBD5 /* UserDefaultsTransaction.swift in Sources */ = {isa = PBXBuildFile; fileRef = 8264B8BA1C1B4D000013FBD5 /* UserDefaultsTransaction.swift */; };
		8264B8C01C1B4D270013FBD5 /* CacheTransaction.swift in Sources */ = {isa = PBXBuildFile; fileRef = 8264B8BF1C1B4D270013FBD5 /* CacheTransaction.swift */; };
		8264B8C11C1B4D270013FBD5 /* CacheTransaction.swift in Sources */ = {isa = PBXBuildFile; fileRef = 8264B8BF1C1B4D270013FBD5 /* CacheTransaction.swift */; };
		8264B8C21C1B4D270013FBD5 /* CacheTransaction.swift in Sources */ = {isa = PBXBuildFile; fileRef = 8264B8BF1C1B4D270013FBD5 /* CacheTransaction.swift */; };
		8264B8C31C1B4D270013FBD5 /* CacheTransaction.swift in Sources */ = {isa = PBXBuildFile; fileRef = 8264B8BF1C1B4D270013FBD5 /* CacheTransaction.swift */; };
		826662F01BFEA1C500111AED /* KeyType.swift in Sources */ = {isa = PBXBuildFile; fileRef = 826662EF1BFEA1C500111AED /* KeyType.swift */; };
		826662F11BFEA1C500111AED /* KeyType.swift in Sources */ = {isa = PBXBuildFile; fileRef = 826662EF1BFEA1C500111AED /* KeyType.swift */; };
		826662F21BFEA1C500111AED /* KeyType.swift in Sources */ = {isa = PBXBuildFile; fileRef = 826662EF1BFEA1C500111AED /* KeyType.swift */; };
		826662F31BFEA1C500111AED /* KeyType.swift in Sources */ = {isa = PBXBuildFile; fileRef = 826662EF1BFEA1C500111AED /* KeyType.swift */; };
		828217F21BEC645800EFDDB4 /* Storez.framework in Frameworks */ = {isa = PBXBuildFile; fileRef = 828217E71BEC645800EFDDB4 /* Storez.framework */; };
		828C1CB41C17898D0027C73D /* KeyTests.swift in Sources */ = {isa = PBXBuildFile; fileRef = 828C1CB21C17898D0027C73D /* KeyTests.swift */; };
		828C1CB51C17898D0027C73D /* KeyTests.swift in Sources */ = {isa = PBXBuildFile; fileRef = 828C1CB21C17898D0027C73D /* KeyTests.swift */; };
		828C1CB61C17898D0027C73D /* KeyTests.swift in Sources */ = {isa = PBXBuildFile; fileRef = 828C1CB21C17898D0027C73D /* KeyTests.swift */; };
		828C1CB71C17898D0027C73D /* GroupTests.swift in Sources */ = {isa = PBXBuildFile; fileRef = 828C1CB31C17898D0027C73D /* GroupTests.swift */; };
		828C1CB81C17898D0027C73D /* GroupTests.swift in Sources */ = {isa = PBXBuildFile; fileRef = 828C1CB31C17898D0027C73D /* GroupTests.swift */; };
		828C1CB91C17898D0027C73D /* GroupTests.swift in Sources */ = {isa = PBXBuildFile; fileRef = 828C1CB31C17898D0027C73D /* GroupTests.swift */; };
		828C1CBC1C178E680027C73D /* CacheStore.swift in Sources */ = {isa = PBXBuildFile; fileRef = 828C1CBB1C178E680027C73D /* CacheStore.swift */; };
		828C1CBD1C178E680027C73D /* CacheStore.swift in Sources */ = {isa = PBXBuildFile; fileRef = 828C1CBB1C178E680027C73D /* CacheStore.swift */; };
		828C1CBE1C178E680027C73D /* CacheStore.swift in Sources */ = {isa = PBXBuildFile; fileRef = 828C1CBB1C178E680027C73D /* CacheStore.swift */; };
		828C1CBF1C178E680027C73D /* CacheStore.swift in Sources */ = {isa = PBXBuildFile; fileRef = 828C1CBB1C178E680027C73D /* CacheStore.swift */; };
		829DA9C11C18A52600E6623C /* CacheConvertible.swift in Sources */ = {isa = PBXBuildFile; fileRef = 829DA9C01C18A52600E6623C /* CacheConvertible.swift */; };
		829DA9C21C18A52600E6623C /* CacheConvertible.swift in Sources */ = {isa = PBXBuildFile; fileRef = 829DA9C01C18A52600E6623C /* CacheConvertible.swift */; };
		829DA9C31C18A52600E6623C /* CacheConvertible.swift in Sources */ = {isa = PBXBuildFile; fileRef = 829DA9C01C18A52600E6623C /* CacheConvertible.swift */; };
		829DA9C41C18A52600E6623C /* CacheConvertible.swift in Sources */ = {isa = PBXBuildFile; fileRef = 829DA9C01C18A52600E6623C /* CacheConvertible.swift */; };
		829DA9CB1C18AA8D00E6623C /* CacheConvertible+Swift.swift in Sources */ = {isa = PBXBuildFile; fileRef = 829DA9CA1C18AA8D00E6623C /* CacheConvertible+Swift.swift */; };
		829DA9CC1C18AA8D00E6623C /* CacheConvertible+Swift.swift in Sources */ = {isa = PBXBuildFile; fileRef = 829DA9CA1C18AA8D00E6623C /* CacheConvertible+Swift.swift */; };
		829DA9CD1C18AA8D00E6623C /* CacheConvertible+Swift.swift in Sources */ = {isa = PBXBuildFile; fileRef = 829DA9CA1C18AA8D00E6623C /* CacheConvertible+Swift.swift */; };
		829DA9CE1C18AA8D00E6623C /* CacheConvertible+Swift.swift in Sources */ = {isa = PBXBuildFile; fileRef = 829DA9CA1C18AA8D00E6623C /* CacheConvertible+Swift.swift */; };
		829DA9D11C18B89700E6623C /* UserDefaultStoreTests.swift in Sources */ = {isa = PBXBuildFile; fileRef = 829DA9D01C18B89700E6623C /* UserDefaultStoreTests.swift */; };
		829DA9D21C18B89700E6623C /* UserDefaultStoreTests.swift in Sources */ = {isa = PBXBuildFile; fileRef = 829DA9D01C18B89700E6623C /* UserDefaultStoreTests.swift */; };
		829DA9D31C18B89700E6623C /* UserDefaultStoreTests.swift in Sources */ = {isa = PBXBuildFile; fileRef = 829DA9D01C18B89700E6623C /* UserDefaultStoreTests.swift */; };
		829DA9D61C18B8BD00E6623C /* CacheStoreTests.swift in Sources */ = {isa = PBXBuildFile; fileRef = 829DA9D51C18B8BD00E6623C /* CacheStoreTests.swift */; };
		829DA9D71C18B8BD00E6623C /* CacheStoreTests.swift in Sources */ = {isa = PBXBuildFile; fileRef = 829DA9D51C18B8BD00E6623C /* CacheStoreTests.swift */; };
		829DA9D81C18B8BD00E6623C /* CacheStoreTests.swift in Sources */ = {isa = PBXBuildFile; fileRef = 829DA9D51C18B8BD00E6623C /* CacheStoreTests.swift */; };
		82D4FE8F1BFD65AF0077D392 /* UserDefaultsStore.swift in Sources */ = {isa = PBXBuildFile; fileRef = 82D4FE8D1BFD65AF0077D392 /* UserDefaultsStore.swift */; };
		82D4FE901BFD65AF0077D392 /* UserDefaultsStore.swift in Sources */ = {isa = PBXBuildFile; fileRef = 82D4FE8D1BFD65AF0077D392 /* UserDefaultsStore.swift */; };
		82D4FE911BFD65AF0077D392 /* UserDefaultsStore.swift in Sources */ = {isa = PBXBuildFile; fileRef = 82D4FE8D1BFD65AF0077D392 /* UserDefaultsStore.swift */; };
		82D4FE921BFD65AF0077D392 /* UserDefaultsStore.swift in Sources */ = {isa = PBXBuildFile; fileRef = 82D4FE8D1BFD65AF0077D392 /* UserDefaultsStore.swift */; };
		82D4FE931BFD65AF0077D392 /* UserDefaultsSupportedType.swift in Sources */ = {isa = PBXBuildFile; fileRef = 82D4FE8E1BFD65AF0077D392 /* UserDefaultsSupportedType.swift */; };
		82D4FE941BFD65AF0077D392 /* UserDefaultsSupportedType.swift in Sources */ = {isa = PBXBuildFile; fileRef = 82D4FE8E1BFD65AF0077D392 /* UserDefaultsSupportedType.swift */; };
		82D4FE951BFD65AF0077D392 /* UserDefaultsSupportedType.swift in Sources */ = {isa = PBXBuildFile; fileRef = 82D4FE8E1BFD65AF0077D392 /* UserDefaultsSupportedType.swift */; };
		82D4FE961BFD65AF0077D392 /* UserDefaultsSupportedType.swift in Sources */ = {isa = PBXBuildFile; fileRef = 82D4FE8E1BFD65AF0077D392 /* UserDefaultsSupportedType.swift */; };
		82D4FE981BFD74CC0077D392 /* UserDefaultsConvertible+Swift.swift in Sources */ = {isa = PBXBuildFile; fileRef = 82D4FE971BFD74CC0077D392 /* UserDefaultsConvertible+Swift.swift */; };
		82D4FE991BFD74CC0077D392 /* UserDefaultsConvertible+Swift.swift in Sources */ = {isa = PBXBuildFile; fileRef = 82D4FE971BFD74CC0077D392 /* UserDefaultsConvertible+Swift.swift */; };
		82D4FE9A1BFD74CC0077D392 /* UserDefaultsConvertible+Swift.swift in Sources */ = {isa = PBXBuildFile; fileRef = 82D4FE971BFD74CC0077D392 /* UserDefaultsConvertible+Swift.swift */; };
		82D4FE9B1BFD74CC0077D392 /* UserDefaultsConvertible+Swift.swift in Sources */ = {isa = PBXBuildFile; fileRef = 82D4FE971BFD74CC0077D392 /* UserDefaultsConvertible+Swift.swift */; };
		82D4FE9D1BFD75170077D392 /* UserDefaultsConvertible.swift in Sources */ = {isa = PBXBuildFile; fileRef = 82D4FE9C1BFD75170077D392 /* UserDefaultsConvertible.swift */; };
		82D4FE9E1BFD75170077D392 /* UserDefaultsConvertible.swift in Sources */ = {isa = PBXBuildFile; fileRef = 82D4FE9C1BFD75170077D392 /* UserDefaultsConvertible.swift */; };
		82D4FE9F1BFD75170077D392 /* UserDefaultsConvertible.swift in Sources */ = {isa = PBXBuildFile; fileRef = 82D4FE9C1BFD75170077D392 /* UserDefaultsConvertible.swift */; };
		82D4FEA01BFD75170077D392 /* UserDefaultsConvertible.swift in Sources */ = {isa = PBXBuildFile; fileRef = 82D4FE9C1BFD75170077D392 /* UserDefaultsConvertible.swift */; };
		82D4FEA21BFD93560077D392 /* UserDefaultsConvertible+Foundation.swift in Sources */ = {isa = PBXBuildFile; fileRef = 82D4FEA11BFD93560077D392 /* UserDefaultsConvertible+Foundation.swift */; };
		82D4FEA31BFD93560077D392 /* UserDefaultsConvertible+Foundation.swift in Sources */ = {isa = PBXBuildFile; fileRef = 82D4FEA11BFD93560077D392 /* UserDefaultsConvertible+Foundation.swift */; };
		82D4FEA41BFD93560077D392 /* UserDefaultsConvertible+Foundation.swift in Sources */ = {isa = PBXBuildFile; fileRef = 82D4FEA11BFD93560077D392 /* UserDefaultsConvertible+Foundation.swift */; };
		82D4FEA51BFD93560077D392 /* UserDefaultsConvertible+Foundation.swift in Sources */ = {isa = PBXBuildFile; fileRef = 82D4FEA11BFD93560077D392 /* UserDefaultsConvertible+Foundation.swift */; };
/* End PBXBuildFile section */

/* Begin PBXContainerItemProxy section */
		823F17E01BF431CC008DF5F8 /* PBXContainerItemProxy */ = {
			isa = PBXContainerItemProxy;
			containerPortal = 828217DE1BEC645800EFDDB4 /* Project object */;
			proxyType = 1;
			remoteGlobalIDString = 828689031BF429D30011214C;
			remoteInfo = "Storez-osx";
		};
		823F18A71BF43D1D008DF5F8 /* PBXContainerItemProxy */ = {
			isa = PBXContainerItemProxy;
			containerPortal = 828217DE1BEC645800EFDDB4 /* Project object */;
			proxyType = 1;
			remoteGlobalIDString = 823F188C1BF43C9A008DF5F8;
			remoteInfo = "Storez-tvos";
		};
		828217F31BEC645800EFDDB4 /* PBXContainerItemProxy */ = {
			isa = PBXContainerItemProxy;
			containerPortal = 828217DE1BEC645800EFDDB4 /* Project object */;
			proxyType = 1;
			remoteGlobalIDString = 828217E61BEC645800EFDDB4;
			remoteInfo = Storez;
		};
/* End PBXContainerItemProxy section */

/* Begin PBXFileReference section */
		820E3FB01C1B8431004205D5 /* KeyTypeTests.swift */ = {isa = PBXFileReference; fileEncoding = 4; lastKnownFileType = sourcecode.swift; path = KeyTypeTests.swift; sourceTree = "<group>"; };
		823F17DA1BF431CC008DF5F8 /* StorezTests-osx.xctest */ = {isa = PBXFileReference; explicitFileType = wrapper.cfbundle; includeInIndex = 0; path = "StorezTests-osx.xctest"; sourceTree = BUILT_PRODUCTS_DIR; };
		823F189B1BF43C9A008DF5F8 /* Storez.framework */ = {isa = PBXFileReference; explicitFileType = wrapper.framework; includeInIndex = 0; path = Storez.framework; sourceTree = BUILT_PRODUCTS_DIR; };
		823F18A11BF43D1C008DF5F8 /* StorezTests-tvos.xctest */ = {isa = PBXFileReference; explicitFileType = wrapper.cfbundle; includeInIndex = 0; path = "StorezTests-tvos.xctest"; sourceTree = BUILT_PRODUCTS_DIR; };
		82455EA21BF9A30000C33751 /* Store.swift */ = {isa = PBXFileReference; fileEncoding = 4; lastKnownFileType = sourcecode.swift; path = Store.swift; sourceTree = "<group>"; };
		82455EA31BF9A30000C33751 /* Key.swift */ = {isa = PBXFileReference; fileEncoding = 4; lastKnownFileType = sourcecode.swift; path = Key.swift; sourceTree = "<group>"; };
		82455EA51BF9A30000C33751 /* Namespace.swift */ = {isa = PBXFileReference; fileEncoding = 4; lastKnownFileType = sourcecode.swift; path = Namespace.swift; sourceTree = "<group>"; };
		824FB4B81C17B746007568BB /* CacheSupportedType.swift */ = {isa = PBXFileReference; fileEncoding = 4; lastKnownFileType = sourcecode.swift; path = CacheSupportedType.swift; sourceTree = "<group>"; };
		82642A0E1BEC6D2C00A86452 /* TestNamespace.swift */ = {isa = PBXFileReference; fileEncoding = 4; lastKnownFileType = sourcecode.swift; path = TestNamespace.swift; sourceTree = "<group>"; };
		82642A121BEC9F7000A86452 /* CustomObject.swift */ = {isa = PBXFileReference; fileEncoding = 4; lastKnownFileType = sourcecode.swift; path = CustomObject.swift; sourceTree = "<group>"; };
		8264B8B51C1B2E620013FBD5 /* Nullable.swift */ = {isa = PBXFileReference; fileEncoding = 4; lastKnownFileType = sourcecode.swift; path = Nullable.swift; sourceTree = "<group>"; };
		8264B8BA1C1B4D000013FBD5 /* UserDefaultsTransaction.swift */ = {isa = PBXFileReference; fileEncoding = 4; lastKnownFileType = sourcecode.swift; path = UserDefaultsTransaction.swift; sourceTree = "<group>"; };
		8264B8BF1C1B4D270013FBD5 /* CacheTransaction.swift */ = {isa = PBXFileReference; fileEncoding = 4; lastKnownFileType = sourcecode.swift; path = CacheTransaction.swift; sourceTree = "<group>"; };
		826662EF1BFEA1C500111AED /* KeyType.swift */ = {isa = PBXFileReference; fileEncoding = 4; lastKnownFileType = sourcecode.swift; path = KeyType.swift; sourceTree = "<group>"; };
		8274FAA81BECCCDA0015214B /* Storez.framework */ = {isa = PBXFileReference; explicitFileType = wrapper.framework; includeInIndex = 0; path = Storez.framework; sourceTree = BUILT_PRODUCTS_DIR; };
		828217E71BEC645800EFDDB4 /* Storez.framework */ = {isa = PBXFileReference; explicitFileType = wrapper.framework; includeInIndex = 0; path = Storez.framework; sourceTree = BUILT_PRODUCTS_DIR; };
		828217EC1BEC645800EFDDB4 /* Info.plist */ = {isa = PBXFileReference; lastKnownFileType = text.plist.xml; path = Info.plist; sourceTree = "<group>"; };
		828217F11BEC645800EFDDB4 /* StorezTests-ios.xctest */ = {isa = PBXFileReference; explicitFileType = wrapper.cfbundle; includeInIndex = 0; path = "StorezTests-ios.xctest"; sourceTree = BUILT_PRODUCTS_DIR; };
		828217F81BEC645800EFDDB4 /* Info.plist */ = {isa = PBXFileReference; lastKnownFileType = text.plist.xml; path = Info.plist; sourceTree = "<group>"; };
		828689121BF429D30011214C /* Storez.framework */ = {isa = PBXFileReference; explicitFileType = wrapper.framework; includeInIndex = 0; path = Storez.framework; sourceTree = BUILT_PRODUCTS_DIR; };
		828C1CB21C17898D0027C73D /* KeyTests.swift */ = {isa = PBXFileReference; fileEncoding = 4; lastKnownFileType = sourcecode.swift; path = KeyTests.swift; sourceTree = "<group>"; };
		828C1CB31C17898D0027C73D /* GroupTests.swift */ = {isa = PBXFileReference; fileEncoding = 4; lastKnownFileType = sourcecode.swift; path = GroupTests.swift; sourceTree = "<group>"; };
		828C1CBB1C178E680027C73D /* CacheStore.swift */ = {isa = PBXFileReference; fileEncoding = 4; lastKnownFileType = sourcecode.swift; path = CacheStore.swift; sourceTree = "<group>"; };
		829DA9C01C18A52600E6623C /* CacheConvertible.swift */ = {isa = PBXFileReference; fileEncoding = 4; lastKnownFileType = sourcecode.swift; path = CacheConvertible.swift; sourceTree = "<group>"; };
		829DA9CA1C18AA8D00E6623C /* CacheConvertible+Swift.swift */ = {isa = PBXFileReference; fileEncoding = 4; lastKnownFileType = sourcecode.swift; path = "CacheConvertible+Swift.swift"; sourceTree = "<group>"; };
		829DA9D01C18B89700E6623C /* UserDefaultStoreTests.swift */ = {isa = PBXFileReference; fileEncoding = 4; lastKnownFileType = sourcecode.swift; path = UserDefaultStoreTests.swift; sourceTree = "<group>"; };
		829DA9D51C18B8BD00E6623C /* CacheStoreTests.swift */ = {isa = PBXFileReference; fileEncoding = 4; lastKnownFileType = sourcecode.swift; path = CacheStoreTests.swift; sourceTree = "<group>"; };
		82D4FE8D1BFD65AF0077D392 /* UserDefaultsStore.swift */ = {isa = PBXFileReference; fileEncoding = 4; lastKnownFileType = sourcecode.swift; path = UserDefaultsStore.swift; sourceTree = "<group>"; };
		82D4FE8E1BFD65AF0077D392 /* UserDefaultsSupportedType.swift */ = {isa = PBXFileReference; fileEncoding = 4; lastKnownFileType = sourcecode.swift; path = UserDefaultsSupportedType.swift; sourceTree = "<group>"; };
		82D4FE971BFD74CC0077D392 /* UserDefaultsConvertible+Swift.swift */ = {isa = PBXFileReference; fileEncoding = 4; lastKnownFileType = sourcecode.swift; path = "UserDefaultsConvertible+Swift.swift"; sourceTree = "<group>"; };
		82D4FE9C1BFD75170077D392 /* UserDefaultsConvertible.swift */ = {isa = PBXFileReference; fileEncoding = 4; lastKnownFileType = sourcecode.swift; path = UserDefaultsConvertible.swift; sourceTree = "<group>"; };
		82D4FEA11BFD93560077D392 /* UserDefaultsConvertible+Foundation.swift */ = {isa = PBXFileReference; fileEncoding = 4; lastKnownFileType = sourcecode.swift; path = "UserDefaultsConvertible+Foundation.swift"; sourceTree = "<group>"; };
/* End PBXFileReference section */

/* Begin PBXFrameworksBuildPhase section */
		823F17D71BF431CC008DF5F8 /* Frameworks */ = {
			isa = PBXFrameworksBuildPhase;
			buildActionMask = 2147483647;
			files = (
				823F17DF1BF431CC008DF5F8 /* Storez.framework in Frameworks */,
			);
			runOnlyForDeploymentPostprocessing = 0;
		};
		823F18941BF43C9A008DF5F8 /* Frameworks */ = {
			isa = PBXFrameworksBuildPhase;
			buildActionMask = 2147483647;
			files = (
			);
			runOnlyForDeploymentPostprocessing = 0;
		};
		823F189E1BF43D1C008DF5F8 /* Frameworks */ = {
			isa = PBXFrameworksBuildPhase;
			buildActionMask = 2147483647;
			files = (
				823F18A61BF43D1D008DF5F8 /* Storez.framework in Frameworks */,
			);
			runOnlyForDeploymentPostprocessing = 0;
		};
		8274FAA11BECCCDA0015214B /* Frameworks */ = {
			isa = PBXFrameworksBuildPhase;
			buildActionMask = 2147483647;
			files = (
			);
			runOnlyForDeploymentPostprocessing = 0;
		};
		828217E31BEC645800EFDDB4 /* Frameworks */ = {
			isa = PBXFrameworksBuildPhase;
			buildActionMask = 2147483647;
			files = (
			);
			runOnlyForDeploymentPostprocessing = 0;
		};
		828217EE1BEC645800EFDDB4 /* Frameworks */ = {
			isa = PBXFrameworksBuildPhase;
			buildActionMask = 2147483647;
			files = (
				828217F21BEC645800EFDDB4 /* Storez.framework in Frameworks */,
			);
			runOnlyForDeploymentPostprocessing = 0;
		};
		8286890B1BF429D30011214C /* Frameworks */ = {
			isa = PBXFrameworksBuildPhase;
			buildActionMask = 2147483647;
			files = (
			);
			runOnlyForDeploymentPostprocessing = 0;
		};
/* End PBXFrameworksBuildPhase section */

/* Begin PBXGroup section */
		82455EA11BF9A2CF00C33751 /* Entity */ = {
			isa = PBXGroup;
			children = (
				82455EA21BF9A30000C33751 /* Store.swift */,
				826662EF1BFEA1C500111AED /* KeyType.swift */,
				82455EA31BF9A30000C33751 /* Key.swift */,
				82455EA51BF9A30000C33751 /* Namespace.swift */,
				8264B8B51C1B2E620013FBD5 /* Nullable.swift */,
			);
			path = Entity;
			sourceTree = "<group>";
		};
		82642A0D1BEC6D1600A86452 /* Common */ = {
			isa = PBXGroup;
			children = (
				82642A0E1BEC6D2C00A86452 /* TestNamespace.swift */,
				82642A121BEC9F7000A86452 /* CustomObject.swift */,
			);
			path = Common;
			sourceTree = "<group>";
		};
		828217DD1BEC645800EFDDB4 = {
			isa = PBXGroup;
			children = (
				828217E91BEC645800EFDDB4 /* Storez */,
				828217F51BEC645800EFDDB4 /* StorezTests */,
				828217E81BEC645800EFDDB4 /* Products */,
			);
			sourceTree = "<group>";
		};
		828217E81BEC645800EFDDB4 /* Products */ = {
			isa = PBXGroup;
			children = (
				828217E71BEC645800EFDDB4 /* Storez.framework */,
				828217F11BEC645800EFDDB4 /* StorezTests-ios.xctest */,
				8274FAA81BECCCDA0015214B /* Storez.framework */,
				828689121BF429D30011214C /* Storez.framework */,
				823F17DA1BF431CC008DF5F8 /* StorezTests-osx.xctest */,
				823F189B1BF43C9A008DF5F8 /* Storez.framework */,
				823F18A11BF43D1C008DF5F8 /* StorezTests-tvos.xctest */,
			);
			name = Products;
			sourceTree = "<group>";
		};
		828217E91BEC645800EFDDB4 /* Storez */ = {
			isa = PBXGroup;
			children = (
				82455EA11BF9A2CF00C33751 /* Entity */,
				82D4FE6D1BFD49000077D392 /* Stores */,
				828217EC1BEC645800EFDDB4 /* Info.plist */,
			);
			path = Storez;
			sourceTree = "<group>";
		};
		828217F51BEC645800EFDDB4 /* StorezTests */ = {
			isa = PBXGroup;
			children = (
				828C1CB11C1789670027C73D /* EntityTests */,
				828C1CAB1C1789250027C73D /* StoresTests */,
				82642A0D1BEC6D1600A86452 /* Common */,
				828217F81BEC645800EFDDB4 /* Info.plist */,
			);
			path = StorezTests;
			sourceTree = "<group>";
		};
		828C1CAB1C1789250027C73D /* StoresTests */ = {
			isa = PBXGroup;
			children = (
				829DA9D41C18B8A600E6623C /* NSCacheTests */,
				829DA9CF1C18B89700E6623C /* NSUserDefaultsTests */,
			);
			path = StoresTests;
			sourceTree = "<group>";
		};
		828C1CB11C1789670027C73D /* EntityTests */ = {
			isa = PBXGroup;
			children = (
				828C1CB21C17898D0027C73D /* KeyTests.swift */,
				828C1CB31C17898D0027C73D /* GroupTests.swift */,
				820E3FB01C1B8431004205D5 /* KeyTypeTests.swift */,
			);
			path = EntityTests;
			sourceTree = "<group>";
		};
		828C1CBA1C178E390027C73D /* Cache */ = {
			isa = PBXGroup;
			children = (
				828C1CBB1C178E680027C73D /* CacheStore.swift */,
				8264B8BF1C1B4D270013FBD5 /* CacheTransaction.swift */,
				824FB4B81C17B746007568BB /* CacheSupportedType.swift */,
				829DA9C01C18A52600E6623C /* CacheConvertible.swift */,
				829DA9CA1C18AA8D00E6623C /* CacheConvertible+Swift.swift */,
			);
			path = Cache;
			sourceTree = "<group>";
		};
		829DA9CF1C18B89700E6623C /* NSUserDefaultsTests */ = {
			isa = PBXGroup;
			children = (
				829DA9D01C18B89700E6623C /* UserDefaultStoreTests.swift */,
			);
			path = NSUserDefaultsTests;
			sourceTree = "<group>";
		};
		829DA9D41C18B8A600E6623C /* NSCacheTests */ = {
			isa = PBXGroup;
			children = (
				829DA9D51C18B8BD00E6623C /* CacheStoreTests.swift */,
			);
			path = NSCacheTests;
			sourceTree = "<group>";
		};
		82D4FE6D1BFD49000077D392 /* Stores */ = {
			isa = PBXGroup;
			children = (
				828C1CBA1C178E390027C73D /* Cache */,
				82D4FE8C1BFD65950077D392 /* UserDefaults */,
			);
			path = Stores;
			sourceTree = "<group>";
		};
		82D4FE8C1BFD65950077D392 /* UserDefaults */ = {
			isa = PBXGroup;
			children = (
				82D4FE8D1BFD65AF0077D392 /* UserDefaultsStore.swift */,
				8264B8BA1C1B4D000013FBD5 /* UserDefaultsTransaction.swift */,
				82D4FE8E1BFD65AF0077D392 /* UserDefaultsSupportedType.swift */,
				82D4FE9C1BFD75170077D392 /* UserDefaultsConvertible.swift */,
				82D4FE971BFD74CC0077D392 /* UserDefaultsConvertible+Swift.swift */,
				82D4FEA11BFD93560077D392 /* UserDefaultsConvertible+Foundation.swift */,
			);
			path = UserDefaults;
			sourceTree = "<group>";
		};
/* End PBXGroup section */

/* Begin PBXHeadersBuildPhase section */
		823F18951BF43C9A008DF5F8 /* Headers */ = {
			isa = PBXHeadersBuildPhase;
			buildActionMask = 2147483647;
			files = (
			);
			runOnlyForDeploymentPostprocessing = 0;
		};
		8274FAA21BECCCDA0015214B /* Headers */ = {
			isa = PBXHeadersBuildPhase;
			buildActionMask = 2147483647;
			files = (
			);
			runOnlyForDeploymentPostprocessing = 0;
		};
		828217E41BEC645800EFDDB4 /* Headers */ = {
			isa = PBXHeadersBuildPhase;
			buildActionMask = 2147483647;
			files = (
			);
			runOnlyForDeploymentPostprocessing = 0;
		};
		8286890C1BF429D30011214C /* Headers */ = {
			isa = PBXHeadersBuildPhase;
			buildActionMask = 2147483647;
			files = (
			);
			runOnlyForDeploymentPostprocessing = 0;
		};
/* End PBXHeadersBuildPhase section */

/* Begin PBXNativeTarget section */
		823F17D91BF431CC008DF5F8 /* StorezTests-osx */ = {
			isa = PBXNativeTarget;
			buildConfigurationList = 823F17E21BF431CC008DF5F8 /* Build configuration list for PBXNativeTarget "StorezTests-osx" */;
			buildPhases = (
				823F17D61BF431CC008DF5F8 /* Sources */,
				823F17D71BF431CC008DF5F8 /* Frameworks */,
				823F17D81BF431CC008DF5F8 /* Resources */,
			);
			buildRules = (
			);
			dependencies = (
				823F17E11BF431CC008DF5F8 /* PBXTargetDependency */,
			);
			name = "StorezTests-osx";
			productName = "StorezTests-osx";
			productReference = 823F17DA1BF431CC008DF5F8 /* StorezTests-osx.xctest */;
			productType = "com.apple.product-type.bundle.unit-test";
		};
		823F188C1BF43C9A008DF5F8 /* Storez-tvos */ = {
			isa = PBXNativeTarget;
			buildConfigurationList = 823F18981BF43C9A008DF5F8 /* Build configuration list for PBXNativeTarget "Storez-tvos" */;
			buildPhases = (
				823F188D1BF43C9A008DF5F8 /* Sources */,
				823F18941BF43C9A008DF5F8 /* Frameworks */,
				823F18951BF43C9A008DF5F8 /* Headers */,
				823F18971BF43C9A008DF5F8 /* Resources */,
			);
			buildRules = (
			);
			dependencies = (
			);
			name = "Storez-tvos";
			productName = Storez;
			productReference = 823F189B1BF43C9A008DF5F8 /* Storez.framework */;
			productType = "com.apple.product-type.framework";
		};
		823F18A01BF43D1C008DF5F8 /* StorezTests-tvos */ = {
			isa = PBXNativeTarget;
			buildConfigurationList = 823F18A91BF43D1D008DF5F8 /* Build configuration list for PBXNativeTarget "StorezTests-tvos" */;
			buildPhases = (
				823F189D1BF43D1C008DF5F8 /* Sources */,
				823F189E1BF43D1C008DF5F8 /* Frameworks */,
				823F189F1BF43D1C008DF5F8 /* Resources */,
			);
			buildRules = (
			);
			dependencies = (
				823F18A81BF43D1D008DF5F8 /* PBXTargetDependency */,
			);
			name = "StorezTests-tvos";
			productName = "StorezTests-tvos";
			productReference = 823F18A11BF43D1C008DF5F8 /* StorezTests-tvos.xctest */;
			productType = "com.apple.product-type.bundle.unit-test";
		};
		8274FA991BECCCDA0015214B /* Storez-watchos */ = {
			isa = PBXNativeTarget;
			buildConfigurationList = 8274FAA51BECCCDA0015214B /* Build configuration list for PBXNativeTarget "Storez-watchos" */;
			buildPhases = (
				8274FA9A1BECCCDA0015214B /* Sources */,
				8274FAA11BECCCDA0015214B /* Frameworks */,
				8274FAA21BECCCDA0015214B /* Headers */,
				8274FAA41BECCCDA0015214B /* Resources */,
			);
			buildRules = (
			);
			dependencies = (
			);
			name = "Storez-watchos";
			productName = Storez;
			productReference = 8274FAA81BECCCDA0015214B /* Storez.framework */;
			productType = "com.apple.product-type.framework";
		};
		828217E61BEC645800EFDDB4 /* Storez-ios */ = {
			isa = PBXNativeTarget;
			buildConfigurationList = 828217FB1BEC645800EFDDB4 /* Build configuration list for PBXNativeTarget "Storez-ios" */;
			buildPhases = (
				828217E21BEC645800EFDDB4 /* Sources */,
				828217E31BEC645800EFDDB4 /* Frameworks */,
				828217E41BEC645800EFDDB4 /* Headers */,
				828217E51BEC645800EFDDB4 /* Resources */,
			);
			buildRules = (
			);
			dependencies = (
			);
			name = "Storez-ios";
			productName = Storez;
			productReference = 828217E71BEC645800EFDDB4 /* Storez.framework */;
			productType = "com.apple.product-type.framework";
		};
		828217F01BEC645800EFDDB4 /* StorezTests-ios */ = {
			isa = PBXNativeTarget;
			buildConfigurationList = 828217FE1BEC645800EFDDB4 /* Build configuration list for PBXNativeTarget "StorezTests-ios" */;
			buildPhases = (
				828217ED1BEC645800EFDDB4 /* Sources */,
				828217EE1BEC645800EFDDB4 /* Frameworks */,
				828217EF1BEC645800EFDDB4 /* Resources */,
			);
			buildRules = (
			);
			dependencies = (
				828217F41BEC645800EFDDB4 /* PBXTargetDependency */,
			);
			name = "StorezTests-ios";
			productName = StorezTests;
			productReference = 828217F11BEC645800EFDDB4 /* StorezTests-ios.xctest */;
			productType = "com.apple.product-type.bundle.unit-test";
		};
		828689031BF429D30011214C /* Storez-osx */ = {
			isa = PBXNativeTarget;
			buildConfigurationList = 8286890F1BF429D30011214C /* Build configuration list for PBXNativeTarget "Storez-osx" */;
			buildPhases = (
				828689041BF429D30011214C /* Sources */,
				8286890B1BF429D30011214C /* Frameworks */,
				8286890C1BF429D30011214C /* Headers */,
				8286890E1BF429D30011214C /* Resources */,
			);
			buildRules = (
			);
			dependencies = (
			);
			name = "Storez-osx";
			productName = Storez;
			productReference = 828689121BF429D30011214C /* Storez.framework */;
			productType = "com.apple.product-type.framework";
		};
/* End PBXNativeTarget section */

/* Begin PBXProject section */
		828217DE1BEC645800EFDDB4 /* Project object */ = {
			isa = PBXProject;
			attributes = {
				LastSwiftUpdateCheck = 0710;
				LastUpgradeCheck = 0720;
				ORGANIZATIONNAME = mazy;
				TargetAttributes = {
					823F17D91BF431CC008DF5F8 = {
						CreatedOnToolsVersion = 7.1.1;
					};
					823F18A01BF43D1C008DF5F8 = {
						CreatedOnToolsVersion = 7.1.1;
					};
					828217E61BEC645800EFDDB4 = {
						CreatedOnToolsVersion = 7.1;
					};
					828217F01BEC645800EFDDB4 = {
						CreatedOnToolsVersion = 7.1;
					};
				};
			};
			buildConfigurationList = 828217E11BEC645800EFDDB4 /* Build configuration list for PBXProject "Storez" */;
			compatibilityVersion = "Xcode 3.2";
			developmentRegion = English;
			hasScannedForEncodings = 0;
			knownRegions = (
				en,
			);
			mainGroup = 828217DD1BEC645800EFDDB4;
			productRefGroup = 828217E81BEC645800EFDDB4 /* Products */;
			projectDirPath = "";
			projectRoot = "";
			targets = (
				828217E61BEC645800EFDDB4 /* Storez-ios */,
				8274FA991BECCCDA0015214B /* Storez-watchos */,
				823F188C1BF43C9A008DF5F8 /* Storez-tvos */,
				828689031BF429D30011214C /* Storez-osx */,
				828217F01BEC645800EFDDB4 /* StorezTests-ios */,
				823F17D91BF431CC008DF5F8 /* StorezTests-osx */,
				823F18A01BF43D1C008DF5F8 /* StorezTests-tvos */,
			);
		};
/* End PBXProject section */

/* Begin PBXResourcesBuildPhase section */
		823F17D81BF431CC008DF5F8 /* Resources */ = {
			isa = PBXResourcesBuildPhase;
			buildActionMask = 2147483647;
			files = (
			);
			runOnlyForDeploymentPostprocessing = 0;
		};
		823F18971BF43C9A008DF5F8 /* Resources */ = {
			isa = PBXResourcesBuildPhase;
			buildActionMask = 2147483647;
			files = (
			);
			runOnlyForDeploymentPostprocessing = 0;
		};
		823F189F1BF43D1C008DF5F8 /* Resources */ = {
			isa = PBXResourcesBuildPhase;
			buildActionMask = 2147483647;
			files = (
			);
			runOnlyForDeploymentPostprocessing = 0;
		};
		8274FAA41BECCCDA0015214B /* Resources */ = {
			isa = PBXResourcesBuildPhase;
			buildActionMask = 2147483647;
			files = (
			);
			runOnlyForDeploymentPostprocessing = 0;
		};
		828217E51BEC645800EFDDB4 /* Resources */ = {
			isa = PBXResourcesBuildPhase;
			buildActionMask = 2147483647;
			files = (
			);
			runOnlyForDeploymentPostprocessing = 0;
		};
		828217EF1BEC645800EFDDB4 /* Resources */ = {
			isa = PBXResourcesBuildPhase;
			buildActionMask = 2147483647;
			files = (
			);
			runOnlyForDeploymentPostprocessing = 0;
		};
		8286890E1BF429D30011214C /* Resources */ = {
			isa = PBXResourcesBuildPhase;
			buildActionMask = 2147483647;
			files = (
			);
			runOnlyForDeploymentPostprocessing = 0;
		};
/* End PBXResourcesBuildPhase section */

/* Begin PBXSourcesBuildPhase section */
		823F17D61BF431CC008DF5F8 /* Sources */ = {
			isa = PBXSourcesBuildPhase;
			buildActionMask = 2147483647;
			files = (
				820E3FB21C1B8431004205D5 /* KeyTypeTests.swift in Sources */,
				829DA9D71C18B8BD00E6623C /* CacheStoreTests.swift in Sources */,
				828C1CB51C17898D0027C73D /* KeyTests.swift in Sources */,
				823F17E51BF43236008DF5F8 /* TestNamespace.swift in Sources */,
				823F17E61BF43236008DF5F8 /* CustomObject.swift in Sources */,
				829DA9D21C18B89700E6623C /* UserDefaultStoreTests.swift in Sources */,
				828C1CB81C17898D0027C73D /* GroupTests.swift in Sources */,
			);
			runOnlyForDeploymentPostprocessing = 0;
		};
		823F188D1BF43C9A008DF5F8 /* Sources */ = {
			isa = PBXSourcesBuildPhase;
			buildActionMask = 2147483647;
			files = (
				8264B8B81C1B2E620013FBD5 /* Nullable.swift in Sources */,
				8264B8C21C1B4D270013FBD5 /* CacheTransaction.swift in Sources */,
				826662F21BFEA1C500111AED /* KeyType.swift in Sources */,
				828C1CBE1C178E680027C73D /* CacheStore.swift in Sources */,
				829DA9C31C18A52600E6623C /* CacheConvertible.swift in Sources */,
				82D4FE951BFD65AF0077D392 /* UserDefaultsSupportedType.swift in Sources */,
				829DA9CD1C18AA8D00E6623C /* CacheConvertible+Swift.swift in Sources */,
				82455EAC1BF9A30000C33751 /* Key.swift in Sources */,
				82D4FE911BFD65AF0077D392 /* UserDefaultsStore.swift in Sources */,
				82455EB41BF9A30000C33751 /* Namespace.swift in Sources */,
				824FB4BB1C17B746007568BB /* CacheSupportedType.swift in Sources */,
				82455EA81BF9A30000C33751 /* Store.swift in Sources */,
				82D4FE9F1BFD75170077D392 /* UserDefaultsConvertible.swift in Sources */,
				8264B8BD1C1B4D000013FBD5 /* UserDefaultsTransaction.swift in Sources */,
				82D4FEA41BFD93560077D392 /* UserDefaultsConvertible+Foundation.swift in Sources */,
				82D4FE9A1BFD74CC0077D392 /* UserDefaultsConvertible+Swift.swift in Sources */,
			);
			runOnlyForDeploymentPostprocessing = 0;
		};
		823F189D1BF43D1C008DF5F8 /* Sources */ = {
			isa = PBXSourcesBuildPhase;
			buildActionMask = 2147483647;
			files = (
				820E3FB31C1B8431004205D5 /* KeyTypeTests.swift in Sources */,
				829DA9D81C18B8BD00E6623C /* CacheStoreTests.swift in Sources */,
				828C1CB61C17898D0027C73D /* KeyTests.swift in Sources */,
				823F18AC1BF43D3F008DF5F8 /* TestNamespace.swift in Sources */,
				823F18AD1BF43D3F008DF5F8 /* CustomObject.swift in Sources */,
				829DA9D31C18B89700E6623C /* UserDefaultStoreTests.swift in Sources */,
				828C1CB91C17898D0027C73D /* GroupTests.swift in Sources */,
			);
			runOnlyForDeploymentPostprocessing = 0;
		};
		8274FA9A1BECCCDA0015214B /* Sources */ = {
			isa = PBXSourcesBuildPhase;
			buildActionMask = 2147483647;
			files = (
				8264B8B71C1B2E620013FBD5 /* Nullable.swift in Sources */,
				8264B8C11C1B4D270013FBD5 /* CacheTransaction.swift in Sources */,
				826662F11BFEA1C500111AED /* KeyType.swift in Sources */,
				828C1CBD1C178E680027C73D /* CacheStore.swift in Sources */,
				829DA9C21C18A52600E6623C /* CacheConvertible.swift in Sources */,
				82D4FE941BFD65AF0077D392 /* UserDefaultsSupportedType.swift in Sources */,
				829DA9CC1C18AA8D00E6623C /* CacheConvertible+Swift.swift in Sources */,
				82455EAB1BF9A30000C33751 /* Key.swift in Sources */,
				82D4FE901BFD65AF0077D392 /* UserDefaultsStore.swift in Sources */,
				82455EB31BF9A30000C33751 /* Namespace.swift in Sources */,
				824FB4BA1C17B746007568BB /* CacheSupportedType.swift in Sources */,
				82455EA71BF9A30000C33751 /* Store.swift in Sources */,
				82D4FE9E1BFD75170077D392 /* UserDefaultsConvertible.swift in Sources */,
				8264B8BC1C1B4D000013FBD5 /* UserDefaultsTransaction.swift in Sources */,
				82D4FEA31BFD93560077D392 /* UserDefaultsConvertible+Foundation.swift in Sources */,
				82D4FE991BFD74CC0077D392 /* UserDefaultsConvertible+Swift.swift in Sources */,
			);
			runOnlyForDeploymentPostprocessing = 0;
		};
		828217E21BEC645800EFDDB4 /* Sources */ = {
			isa = PBXSourcesBuildPhase;
			buildActionMask = 2147483647;
			files = (
				8264B8B61C1B2E620013FBD5 /* Nullable.swift in Sources */,
				8264B8C01C1B4D270013FBD5 /* CacheTransaction.swift in Sources */,
				826662F01BFEA1C500111AED /* KeyType.swift in Sources */,
				828C1CBC1C178E680027C73D /* CacheStore.swift in Sources */,
				829DA9C11C18A52600E6623C /* CacheConvertible.swift in Sources */,
				82D4FE931BFD65AF0077D392 /* UserDefaultsSupportedType.swift in Sources */,
				829DA9CB1C18AA8D00E6623C /* CacheConvertible+Swift.swift in Sources */,
				82455EAA1BF9A30000C33751 /* Key.swift in Sources */,
				82D4FE8F1BFD65AF0077D392 /* UserDefaultsStore.swift in Sources */,
				82455EB21BF9A30000C33751 /* Namespace.swift in Sources */,
				824FB4B91C17B746007568BB /* CacheSupportedType.swift in Sources */,
				82455EA61BF9A30000C33751 /* Store.swift in Sources */,
				82D4FE9D1BFD75170077D392 /* UserDefaultsConvertible.swift in Sources */,
				8264B8BB1C1B4D000013FBD5 /* UserDefaultsTransaction.swift in Sources */,
				82D4FEA21BFD93560077D392 /* UserDefaultsConvertible+Foundation.swift in Sources */,
				82D4FE981BFD74CC0077D392 /* UserDefaultsConvertible+Swift.swift in Sources */,
			);
			runOnlyForDeploymentPostprocessing = 0;
		};
		828217ED1BEC645800EFDDB4 /* Sources */ = {
			isa = PBXSourcesBuildPhase;
			buildActionMask = 2147483647;
			files = (
				820E3FB11C1B8431004205D5 /* KeyTypeTests.swift in Sources */,
				829DA9D61C18B8BD00E6623C /* CacheStoreTests.swift in Sources */,
				828C1CB41C17898D0027C73D /* KeyTests.swift in Sources */,
				82642A131BEC9F7000A86452 /* CustomObject.swift in Sources */,
				82642A0F1BEC6D2C00A86452 /* TestNamespace.swift in Sources */,
				829DA9D11C18B89700E6623C /* UserDefaultStoreTests.swift in Sources */,
				828C1CB71C17898D0027C73D /* GroupTests.swift in Sources */,
			);
			runOnlyForDeploymentPostprocessing = 0;
		};
		828689041BF429D30011214C /* Sources */ = {
			isa = PBXSourcesBuildPhase;
			buildActionMask = 2147483647;
			files = (
				8264B8B91C1B2E620013FBD5 /* Nullable.swift in Sources */,
				8264B8C31C1B4D270013FBD5 /* CacheTransaction.swift in Sources */,
				826662F31BFEA1C500111AED /* KeyType.swift in Sources */,
				828C1CBF1C178E680027C73D /* CacheStore.swift in Sources */,
				829DA9C41C18A52600E6623C /* CacheConvertible.swift in Sources */,
				82D4FE961BFD65AF0077D392 /* UserDefaultsSupportedType.swift in Sources */,
				829DA9CE1C18AA8D00E6623C /* CacheConvertible+Swift.swift in Sources */,
				82455EAD1BF9A30000C33751 /* Key.swift in Sources */,
				82D4FE921BFD65AF0077D392 /* UserDefaultsStore.swift in Sources */,
				82455EB51BF9A30000C33751 /* Namespace.swift in Sources */,
				824FB4BC1C17B746007568BB /* CacheSupportedType.swift in Sources */,
				82455EA91BF9A30000C33751 /* Store.swift in Sources */,
				82D4FEA01BFD75170077D392 /* UserDefaultsConvertible.swift in Sources */,
				8264B8BE1C1B4D000013FBD5 /* UserDefaultsTransaction.swift in Sources */,
				82D4FEA51BFD93560077D392 /* UserDefaultsConvertible+Foundation.swift in Sources */,
				82D4FE9B1BFD74CC0077D392 /* UserDefaultsConvertible+Swift.swift in Sources */,
			);
			runOnlyForDeploymentPostprocessing = 0;
		};
/* End PBXSourcesBuildPhase section */

/* Begin PBXTargetDependency section */
		823F17E11BF431CC008DF5F8 /* PBXTargetDependency */ = {
			isa = PBXTargetDependency;
			target = 828689031BF429D30011214C /* Storez-osx */;
			targetProxy = 823F17E01BF431CC008DF5F8 /* PBXContainerItemProxy */;
		};
		823F18A81BF43D1D008DF5F8 /* PBXTargetDependency */ = {
			isa = PBXTargetDependency;
			target = 823F188C1BF43C9A008DF5F8 /* Storez-tvos */;
			targetProxy = 823F18A71BF43D1D008DF5F8 /* PBXContainerItemProxy */;
		};
		828217F41BEC645800EFDDB4 /* PBXTargetDependency */ = {
			isa = PBXTargetDependency;
			target = 828217E61BEC645800EFDDB4 /* Storez-ios */;
			targetProxy = 828217F31BEC645800EFDDB4 /* PBXContainerItemProxy */;
		};
/* End PBXTargetDependency section */

/* Begin XCBuildConfiguration section */
		823F17E31BF431CC008DF5F8 /* Debug */ = {
			isa = XCBuildConfiguration;
			buildSettings = {
				APPLICATION_EXTENSION_API_ONLY = NO;
				CODE_SIGN_IDENTITY = "-";
				COMBINE_HIDPI_IMAGES = YES;
				DEBUG_INFORMATION_FORMAT = dwarf;
				INFOPLIST_FILE = StorezTests/Info.plist;
				LD_RUNPATH_SEARCH_PATHS = "$(inherited) @executable_path/../Frameworks @loader_path/../Frameworks";
				MACOSX_DEPLOYMENT_TARGET = 10.10;
				PRODUCT_BUNDLE_IDENTIFIER = "io.kitz.StorezTests-osx";
				PRODUCT_NAME = "$(TARGET_NAME)";
				SDKROOT = macosx;
			};
			name = Debug;
		};
		823F17E41BF431CC008DF5F8 /* Release */ = {
			isa = XCBuildConfiguration;
			buildSettings = {
				APPLICATION_EXTENSION_API_ONLY = NO;
				CODE_SIGN_IDENTITY = "-";
				COMBINE_HIDPI_IMAGES = YES;
				DEBUG_INFORMATION_FORMAT = "dwarf-with-dsym";
				INFOPLIST_FILE = StorezTests/Info.plist;
				LD_RUNPATH_SEARCH_PATHS = "$(inherited) @executable_path/../Frameworks @loader_path/../Frameworks";
				MACOSX_DEPLOYMENT_TARGET = 10.10;
				PRODUCT_BUNDLE_IDENTIFIER = "io.kitz.StorezTests-osx";
				PRODUCT_NAME = "$(TARGET_NAME)";
				SDKROOT = macosx;
			};
			name = Release;
		};
		823F18991BF43C9A008DF5F8 /* Debug */ = {
			isa = XCBuildConfiguration;
			buildSettings = {
				CLANG_ENABLE_MODULES = YES;
				DEFINES_MODULE = YES;
				DYLIB_COMPATIBILITY_VERSION = 1;
				DYLIB_CURRENT_VERSION = 1;
				DYLIB_INSTALL_NAME_BASE = "@rpath";
				INFOPLIST_FILE = "Storez-watchos copy-Info.plist";
				INSTALL_PATH = "$(LOCAL_LIBRARY_DIR)/Frameworks";
				LD_RUNPATH_SEARCH_PATHS = "$(inherited) @executable_path/Frameworks @loader_path/Frameworks";
				PRODUCT_BUNDLE_IDENTIFIER = io.kitz.Storez;
				PRODUCT_NAME = Storez;
				SDKROOT = appletvos;
				SKIP_INSTALL = YES;
				SWIFT_OPTIMIZATION_LEVEL = "-Onone";
			};
			name = Debug;
		};
		823F189A1BF43C9A008DF5F8 /* Release */ = {
			isa = XCBuildConfiguration;
			buildSettings = {
				CLANG_ENABLE_MODULES = YES;
				DEFINES_MODULE = YES;
				DYLIB_COMPATIBILITY_VERSION = 1;
				DYLIB_CURRENT_VERSION = 1;
				DYLIB_INSTALL_NAME_BASE = "@rpath";
				INFOPLIST_FILE = "Storez-watchos copy-Info.plist";
				INSTALL_PATH = "$(LOCAL_LIBRARY_DIR)/Frameworks";
				LD_RUNPATH_SEARCH_PATHS = "$(inherited) @executable_path/Frameworks @loader_path/Frameworks";
				PRODUCT_BUNDLE_IDENTIFIER = io.kitz.Storez;
				PRODUCT_NAME = Storez;
				SDKROOT = appletvos;
				SKIP_INSTALL = YES;
			};
			name = Release;
		};
		823F18AA1BF43D1D008DF5F8 /* Debug */ = {
			isa = XCBuildConfiguration;
			buildSettings = {
				DEBUG_INFORMATION_FORMAT = dwarf;
				INFOPLIST_FILE = "StorezTests-tvos/Info.plist";
				LD_RUNPATH_SEARCH_PATHS = "$(inherited) @executable_path/Frameworks @loader_path/Frameworks";
				PRODUCT_BUNDLE_IDENTIFIER = "io.kitz.StorezTests-tvos";
				PRODUCT_NAME = "$(TARGET_NAME)";
				SDKROOT = appletvos;
				TVOS_DEPLOYMENT_TARGET = 9.0;
			};
			name = Debug;
		};
		823F18AB1BF43D1D008DF5F8 /* Release */ = {
			isa = XCBuildConfiguration;
			buildSettings = {
				DEBUG_INFORMATION_FORMAT = "dwarf-with-dsym";
				INFOPLIST_FILE = "StorezTests-tvos/Info.plist";
				LD_RUNPATH_SEARCH_PATHS = "$(inherited) @executable_path/Frameworks @loader_path/Frameworks";
				PRODUCT_BUNDLE_IDENTIFIER = "io.kitz.StorezTests-tvos";
				PRODUCT_NAME = "$(TARGET_NAME)";
				SDKROOT = appletvos;
				TVOS_DEPLOYMENT_TARGET = 9.0;
			};
			name = Release;
		};
		8274FAA61BECCCDA0015214B /* Debug */ = {
			isa = XCBuildConfiguration;
			buildSettings = {
				CLANG_ENABLE_MODULES = YES;
				DEFINES_MODULE = YES;
				DYLIB_COMPATIBILITY_VERSION = 1;
				DYLIB_CURRENT_VERSION = 1;
				DYLIB_INSTALL_NAME_BASE = "@rpath";
				INFOPLIST_FILE = Storez/Info.plist;
				INSTALL_PATH = "$(LOCAL_LIBRARY_DIR)/Frameworks";
				LD_RUNPATH_SEARCH_PATHS = "$(inherited) @executable_path/Frameworks @loader_path/Frameworks";
				PRODUCT_BUNDLE_IDENTIFIER = io.kitz.Storez;
				PRODUCT_NAME = Storez;
				SDKROOT = watchos;
				SKIP_INSTALL = YES;
				SWIFT_OPTIMIZATION_LEVEL = "-Onone";
			};
			name = Debug;
		};
		8274FAA71BECCCDA0015214B /* Release */ = {
			isa = XCBuildConfiguration;
			buildSettings = {
				CLANG_ENABLE_MODULES = YES;
				DEFINES_MODULE = YES;
				DYLIB_COMPATIBILITY_VERSION = 1;
				DYLIB_CURRENT_VERSION = 1;
				DYLIB_INSTALL_NAME_BASE = "@rpath";
				INFOPLIST_FILE = Storez/Info.plist;
				INSTALL_PATH = "$(LOCAL_LIBRARY_DIR)/Frameworks";
				LD_RUNPATH_SEARCH_PATHS = "$(inherited) @executable_path/Frameworks @loader_path/Frameworks";
				PRODUCT_BUNDLE_IDENTIFIER = io.kitz.Storez;
				PRODUCT_NAME = Storez;
				SDKROOT = watchos;
				SKIP_INSTALL = YES;
			};
			name = Release;
		};
		828217F91BEC645800EFDDB4 /* Debug */ = {
			isa = XCBuildConfiguration;
			buildSettings = {
				ALWAYS_SEARCH_USER_PATHS = NO;
				APPLICATION_EXTENSION_API_ONLY = YES;
				CLANG_CXX_LANGUAGE_STANDARD = "gnu++0x";
				CLANG_CXX_LIBRARY = "libc++";
				CLANG_ENABLE_MODULES = YES;
				CLANG_ENABLE_OBJC_ARC = YES;
				CLANG_WARN_BOOL_CONVERSION = YES;
				CLANG_WARN_CONSTANT_CONVERSION = YES;
				CLANG_WARN_DIRECT_OBJC_ISA_USAGE = YES_ERROR;
				CLANG_WARN_EMPTY_BODY = YES;
				CLANG_WARN_ENUM_CONVERSION = YES;
				CLANG_WARN_INT_CONVERSION = YES;
				CLANG_WARN_OBJC_ROOT_CLASS = YES_ERROR;
				CLANG_WARN_UNREACHABLE_CODE = YES;
				CLANG_WARN__DUPLICATE_METHOD_MATCH = YES;
				"CODE_SIGN_IDENTITY[sdk=iphoneos*]" = "iPhone Developer";
				COPY_PHASE_STRIP = NO;
				CURRENT_PROJECT_VERSION = 1;
				ENABLE_STRICT_OBJC_MSGSEND = YES;
				ENABLE_TESTABILITY = YES;
				GCC_C_LANGUAGE_STANDARD = gnu99;
				GCC_DYNAMIC_NO_PIC = NO;
				GCC_NO_COMMON_BLOCKS = YES;
				GCC_OPTIMIZATION_LEVEL = 0;
				GCC_PREPROCESSOR_DEFINITIONS = (
					"DEBUG=1",
					"$(inherited)",
				);
				GCC_WARN_64_TO_32_BIT_CONVERSION = YES;
				GCC_WARN_ABOUT_RETURN_TYPE = YES_ERROR;
				GCC_WARN_UNDECLARED_SELECTOR = YES;
				GCC_WARN_UNINITIALIZED_AUTOS = YES_AGGRESSIVE;
				GCC_WARN_UNUSED_FUNCTION = YES;
				GCC_WARN_UNUSED_VARIABLE = YES;
				IPHONEOS_DEPLOYMENT_TARGET = 8.0;
				MTL_ENABLE_DEBUG_INFO = YES;
				ONLY_ACTIVE_ARCH = YES;
				SDKROOT = iphoneos;
				SWIFT_OPTIMIZATION_LEVEL = "-Onone";
				TARGETED_DEVICE_FAMILY = "1,2";
				VERSIONING_SYSTEM = "apple-generic";
				VERSION_INFO_PREFIX = "";
			};
			name = Debug;
		};
		828217FA1BEC645800EFDDB4 /* Release */ = {
			isa = XCBuildConfiguration;
			buildSettings = {
				ALWAYS_SEARCH_USER_PATHS = NO;
				APPLICATION_EXTENSION_API_ONLY = YES;
				CLANG_CXX_LANGUAGE_STANDARD = "gnu++0x";
				CLANG_CXX_LIBRARY = "libc++";
				CLANG_ENABLE_MODULES = YES;
				CLANG_ENABLE_OBJC_ARC = YES;
				CLANG_WARN_BOOL_CONVERSION = YES;
				CLANG_WARN_CONSTANT_CONVERSION = YES;
				CLANG_WARN_DIRECT_OBJC_ISA_USAGE = YES_ERROR;
				CLANG_WARN_EMPTY_BODY = YES;
				CLANG_WARN_ENUM_CONVERSION = YES;
				CLANG_WARN_INT_CONVERSION = YES;
				CLANG_WARN_OBJC_ROOT_CLASS = YES_ERROR;
				CLANG_WARN_UNREACHABLE_CODE = YES;
				CLANG_WARN__DUPLICATE_METHOD_MATCH = YES;
				"CODE_SIGN_IDENTITY[sdk=iphoneos*]" = "iPhone Developer";
				COPY_PHASE_STRIP = NO;
				CURRENT_PROJECT_VERSION = 1;
				ENABLE_NS_ASSERTIONS = NO;
				ENABLE_STRICT_OBJC_MSGSEND = YES;
				GCC_C_LANGUAGE_STANDARD = gnu99;
				GCC_NO_COMMON_BLOCKS = YES;
				GCC_WARN_64_TO_32_BIT_CONVERSION = YES;
				GCC_WARN_ABOUT_RETURN_TYPE = YES_ERROR;
				GCC_WARN_UNDECLARED_SELECTOR = YES;
				GCC_WARN_UNINITIALIZED_AUTOS = YES_AGGRESSIVE;
				GCC_WARN_UNUSED_FUNCTION = YES;
				GCC_WARN_UNUSED_VARIABLE = YES;
				IPHONEOS_DEPLOYMENT_TARGET = 8.0;
				MTL_ENABLE_DEBUG_INFO = NO;
				SDKROOT = iphoneos;
				TARGETED_DEVICE_FAMILY = "1,2";
				VALIDATE_PRODUCT = YES;
				VERSIONING_SYSTEM = "apple-generic";
				VERSION_INFO_PREFIX = "";
			};
			name = Release;
		};
		828217FC1BEC645800EFDDB4 /* Debug */ = {
			isa = XCBuildConfiguration;
			buildSettings = {
				CLANG_ENABLE_MODULES = YES;
				DEFINES_MODULE = YES;
				DYLIB_COMPATIBILITY_VERSION = 1;
				DYLIB_CURRENT_VERSION = 1;
				DYLIB_INSTALL_NAME_BASE = "@rpath";
				INFOPLIST_FILE = Storez/Info.plist;
				INSTALL_PATH = "$(LOCAL_LIBRARY_DIR)/Frameworks";
				LD_RUNPATH_SEARCH_PATHS = "$(inherited) @executable_path/Frameworks @loader_path/Frameworks";
				PRODUCT_BUNDLE_IDENTIFIER = io.kitz.Storez;
				PRODUCT_NAME = Storez;
				SKIP_INSTALL = YES;
				SWIFT_OPTIMIZATION_LEVEL = "-Onone";
			};
			name = Debug;
		};
		828217FD1BEC645800EFDDB4 /* Release */ = {
			isa = XCBuildConfiguration;
			buildSettings = {
				CLANG_ENABLE_MODULES = YES;
				DEFINES_MODULE = YES;
				DYLIB_COMPATIBILITY_VERSION = 1;
				DYLIB_CURRENT_VERSION = 1;
				DYLIB_INSTALL_NAME_BASE = "@rpath";
				INFOPLIST_FILE = Storez/Info.plist;
				INSTALL_PATH = "$(LOCAL_LIBRARY_DIR)/Frameworks";
				LD_RUNPATH_SEARCH_PATHS = "$(inherited) @executable_path/Frameworks @loader_path/Frameworks";
				PRODUCT_BUNDLE_IDENTIFIER = io.kitz.Storez;
				PRODUCT_NAME = Storez;
				SKIP_INSTALL = YES;
			};
			name = Release;
		};
		828217FF1BEC645800EFDDB4 /* Debug */ = {
			isa = XCBuildConfiguration;
			buildSettings = {
				INFOPLIST_FILE = StorezTests/Info.plist;
				LD_RUNPATH_SEARCH_PATHS = "$(inherited) @executable_path/Frameworks @loader_path/Frameworks";
				PRODUCT_BUNDLE_IDENTIFIER = "io.kitz.StorezTests-ios";
				PRODUCT_NAME = "$(TARGET_NAME)";
			};
			name = Debug;
		};
		828218001BEC645800EFDDB4 /* Release */ = {
			isa = XCBuildConfiguration;
			buildSettings = {
				INFOPLIST_FILE = StorezTests/Info.plist;
				LD_RUNPATH_SEARCH_PATHS = "$(inherited) @executable_path/Frameworks @loader_path/Frameworks";
				PRODUCT_BUNDLE_IDENTIFIER = "io.kitz.StorezTests-ios";
				PRODUCT_NAME = "$(TARGET_NAME)";
			};
			name = Release;
		};
		828689101BF429D30011214C /* Debug */ = {
			isa = XCBuildConfiguration;
			buildSettings = {
				APPLICATION_EXTENSION_API_ONLY = NO;
				CLANG_ENABLE_MODULES = YES;
				COMBINE_HIDPI_IMAGES = YES;
				DEFINES_MODULE = YES;
				DYLIB_COMPATIBILITY_VERSION = 1;
				DYLIB_CURRENT_VERSION = 1;
				DYLIB_INSTALL_NAME_BASE = "@rpath";
				INFOPLIST_FILE = Storez/Info.plist;
				INSTALL_PATH = "$(LOCAL_LIBRARY_DIR)/Frameworks";
				LD_RUNPATH_SEARCH_PATHS = "$(inherited) @executable_path/Frameworks @loader_path/Frameworks";
				MACOSX_DEPLOYMENT_TARGET = 10.9;
				PRODUCT_BUNDLE_IDENTIFIER = io.kitz.Storez;
				PRODUCT_NAME = Storez;
				SDKROOT = macosx;
				SKIP_INSTALL = YES;
				SWIFT_OPTIMIZATION_LEVEL = "-Onone";
			};
			name = Debug;
		};
		828689111BF429D30011214C /* Release */ = {
			isa = XCBuildConfiguration;
			buildSettings = {
				APPLICATION_EXTENSION_API_ONLY = NO;
				CLANG_ENABLE_MODULES = YES;
				COMBINE_HIDPI_IMAGES = YES;
				DEFINES_MODULE = YES;
				DYLIB_COMPATIBILITY_VERSION = 1;
				DYLIB_CURRENT_VERSION = 1;
				DYLIB_INSTALL_NAME_BASE = "@rpath";
				INFOPLIST_FILE = Storez/Info.plist;
				INSTALL_PATH = "$(LOCAL_LIBRARY_DIR)/Frameworks";
				LD_RUNPATH_SEARCH_PATHS = "$(inherited) @executable_path/Frameworks @loader_path/Frameworks";
				MACOSX_DEPLOYMENT_TARGET = 10.9;
				PRODUCT_BUNDLE_IDENTIFIER = io.kitz.Storez;
				PRODUCT_NAME = Storez;
				SDKROOT = macosx;
				SKIP_INSTALL = YES;
			};
			name = Release;
		};
/* End XCBuildConfiguration section */

/* Begin XCConfigurationList section */
		823F17E21BF431CC008DF5F8 /* Build configuration list for PBXNativeTarget "StorezTests-osx" */ = {
			isa = XCConfigurationList;
			buildConfigurations = (
				823F17E31BF431CC008DF5F8 /* Debug */,
				823F17E41BF431CC008DF5F8 /* Release */,
			);
			defaultConfigurationIsVisible = 0;
			defaultConfigurationName = Release;
		};
		823F18981BF43C9A008DF5F8 /* Build configuration list for PBXNativeTarget "Storez-tvos" */ = {
			isa = XCConfigurationList;
			buildConfigurations = (
				823F18991BF43C9A008DF5F8 /* Debug */,
				823F189A1BF43C9A008DF5F8 /* Release */,
			);
			defaultConfigurationIsVisible = 0;
			defaultConfigurationName = Release;
		};
		823F18A91BF43D1D008DF5F8 /* Build configuration list for PBXNativeTarget "StorezTests-tvos" */ = {
			isa = XCConfigurationList;
			buildConfigurations = (
				823F18AA1BF43D1D008DF5F8 /* Debug */,
				823F18AB1BF43D1D008DF5F8 /* Release */,
			);
			defaultConfigurationIsVisible = 0;
			defaultConfigurationName = Release;
		};
		8274FAA51BECCCDA0015214B /* Build configuration list for PBXNativeTarget "Storez-watchos" */ = {
			isa = XCConfigurationList;
			buildConfigurations = (
				8274FAA61BECCCDA0015214B /* Debug */,
				8274FAA71BECCCDA0015214B /* Release */,
			);
			defaultConfigurationIsVisible = 0;
			defaultConfigurationName = Release;
		};
		828217E11BEC645800EFDDB4 /* Build configuration list for PBXProject "Storez" */ = {
			isa = XCConfigurationList;
			buildConfigurations = (
				828217F91BEC645800EFDDB4 /* Debug */,
				828217FA1BEC645800EFDDB4 /* Release */,
			);
			defaultConfigurationIsVisible = 0;
			defaultConfigurationName = Release;
		};
		828217FB1BEC645800EFDDB4 /* Build configuration list for PBXNativeTarget "Storez-ios" */ = {
			isa = XCConfigurationList;
			buildConfigurations = (
				828217FC1BEC645800EFDDB4 /* Debug */,
				828217FD1BEC645800EFDDB4 /* Release */,
			);
			defaultConfigurationIsVisible = 0;
			defaultConfigurationName = Release;
		};
		828217FE1BEC645800EFDDB4 /* Build configuration list for PBXNativeTarget "StorezTests-ios" */ = {
			isa = XCConfigurationList;
			buildConfigurations = (
				828217FF1BEC645800EFDDB4 /* Debug */,
				828218001BEC645800EFDDB4 /* Release */,
			);
			defaultConfigurationIsVisible = 0;
			defaultConfigurationName = Release;
		};
		8286890F1BF429D30011214C /* Build configuration list for PBXNativeTarget "Storez-osx" */ = {
			isa = XCConfigurationList;
			buildConfigurations = (
				828689101BF429D30011214C /* Debug */,
				828689111BF429D30011214C /* Release */,
			);
			defaultConfigurationIsVisible = 0;
			defaultConfigurationName = Release;
		};
/* End XCConfigurationList section */
	};
	rootObject = 828217DE1BEC645800EFDDB4 /* Project object */;
}
